
Microsoft Visual Studio Solution File, Format Version 12.00
# Visual Studio 15
VisualStudioVersion = 15.0.28307.168
MinimumVisualStudioVersion = 10.0.40219.1
Project("{FAE04EC0-301F-11D3-BF4B-00C04F79EFBC}") = "Pushkaa", "Pushkaa\Pushkaa.csproj", "{860A4554-79CF-43B7-B009-BC6C62824FD4}"
EndProject
Global
	GlobalSection(SolutionConfigurationPlatforms) = preSolution
		Debug|Any CPU = Debug|Any CPU
		Release|Any CPU = Release|Any CPU
	EndGlobalSection
	GlobalSection(ProjectConfigurationPlatforms) = postSolution
		{860A4554-79CF-43B7-B009-BC6C62824FD4}.Debug|Any CPU.ActiveCfg = Debug|Any CPU
		{860A4554-79CF-43B7-B009-BC6C62824FD4}.Debug|Any CPU.Build.0 = Debug|Any CPU
		{860A4554-79CF-43B7-B009-BC6C62824FD4}.Release|Any CPU.ActiveCfg = Release|Any CPU
		{860A4554-79CF-43B7-B009-BC6C62824FD4}.Release|Any CPU.Build.0 = Release|Any CPU
	EndGlobalSection
	GlobalSection(SolutionProperties) = preSolution
		HideSolutionNode = FALSE
	EndGlobalSection
	GlobalSection(ExtensibilityGlobals) = postSolution
		SolutionGuid = {5AB5EB84-0138-42A2-A956-421A111541E4}
	EndGlobalSection
EndGlobal
