
Microsoft Visual Studio Solution File, Format Version 12.00
# Visual Studio 15
VisualStudioVersion = 15.0.28307.168
MinimumVisualStudioVersion = 10.0.40219.1
Project("{FAE04EC0-301F-11D3-BF4B-00C04F79EFBC}") = "Task 4", "Task 4\Task 4.csproj", "{21E091E1-9DF2-443F-8A87-4A136A0BCF6E}"
EndProject
Global
	GlobalSection(SolutionConfigurationPlatforms) = preSolution
		Debug|Any CPU = Debug|Any CPU
		Release|Any CPU = Release|Any CPU
	EndGlobalSection
	GlobalSection(ProjectConfigurationPlatforms) = postSolution
		{21E091E1-9DF2-443F-8A87-4A136A0BCF6E}.Debug|Any CPU.ActiveCfg = Debug|Any CPU
		{21E091E1-9DF2-443F-8A87-4A136A0BCF6E}.Debug|Any CPU.Build.0 = Debug|Any CPU
		{21E091E1-9DF2-443F-8A87-4A136A0BCF6E}.Release|Any CPU.ActiveCfg = Release|Any CPU
		{21E091E1-9DF2-443F-8A87-4A136A0BCF6E}.Release|Any CPU.Build.0 = Release|Any CPU
	EndGlobalSection
	GlobalSection(SolutionProperties) = preSolution
		HideSolutionNode = FALSE
	EndGlobalSection
	GlobalSection(ExtensibilityGlobals) = postSolution
		SolutionGuid = {067329A7-094C-4AFE-8855-9068AF53470B}
	EndGlobalSection
EndGlobal
