
Microsoft Visual Studio Solution File, Format Version 12.00
# Visual Studio 15
VisualStudioVersion = 15.0.28307.168
MinimumVisualStudioVersion = 10.0.40219.1
Project("{FAE04EC0-301F-11D3-BF4B-00C04F79EFBC}") = "serializ1", "serializ1\serializ1.csproj", "{0776BE7B-A849-4EE1-9D6B-72327BCF2C7A}"
EndProject
Global
	GlobalSection(SolutionConfigurationPlatforms) = preSolution
		Debug|Any CPU = Debug|Any CPU
		Release|Any CPU = Release|Any CPU
	EndGlobalSection
	GlobalSection(ProjectConfigurationPlatforms) = postSolution
		{0776BE7B-A849-4EE1-9D6B-72327BCF2C7A}.Debug|Any CPU.ActiveCfg = Debug|Any CPU
		{0776BE7B-A849-4EE1-9D6B-72327BCF2C7A}.Debug|Any CPU.Build.0 = Debug|Any CPU
		{0776BE7B-A849-4EE1-9D6B-72327BCF2C7A}.Release|Any CPU.ActiveCfg = Release|Any CPU
		{0776BE7B-A849-4EE1-9D6B-72327BCF2C7A}.Release|Any CPU.Build.0 = Release|Any CPU
	EndGlobalSection
	GlobalSection(SolutionProperties) = preSolution
		HideSolutionNode = FALSE
	EndGlobalSection
	GlobalSection(ExtensibilityGlobals) = postSolution
		SolutionGuid = {5968CD38-D029-4273-B435-1D5EF6914988}
	EndGlobalSection
EndGlobal
